
Microsoft Visual Studio Solution File, Format Version 12.00
# Visual Studio Version 17
VisualStudioVersion = 17.4.33122.133
MinimumVisualStudioVersion = 10.0.40219.1
Project("{FAE04EC0-301F-11D3-BF4B-00C04F79EFBC}") = "Lista4", "Lista4.csproj", "{F370FCA6-F7CF-4CB0-84F2-45ED81F3AC19}"
EndProject
Global
	GlobalSection(SolutionConfigurationPlatforms) = preSolution
		Debug|Any CPU = Debug|Any CPU
		Release|Any CPU = Release|Any CPU
	EndGlobalSection
	GlobalSection(ProjectConfigurationPlatforms) = postSolution
		{F370FCA6-F7CF-4CB0-84F2-45ED81F3AC19}.Debug|Any CPU.ActiveCfg = Debug|Any CPU
		{F370FCA6-F7CF-4CB0-84F2-45ED81F3AC19}.Debug|Any CPU.Build.0 = Debug|Any CPU
		{F370FCA6-F7CF-4CB0-84F2-45ED81F3AC19}.Release|Any CPU.ActiveCfg = Release|Any CPU
		{F370FCA6-F7CF-4CB0-84F2-45ED81F3AC19}.Release|Any CPU.Build.0 = Release|Any CPU
	EndGlobalSection
	GlobalSection(SolutionProperties) = preSolution
		HideSolutionNode = FALSE
	EndGlobalSection
	GlobalSection(ExtensibilityGlobals) = postSolution
		SolutionGuid = {F80FC0CC-FE4A-459A-99F8-ABE18FE5973F}
	EndGlobalSection
EndGlobal
