
Microsoft Visual Studio Solution File, Format Version 12.00
# Visual Studio Version 17
VisualStudioVersion = 17.4.33122.133
MinimumVisualStudioVersion = 10.0.40219.1
Project("{FAE04EC0-301F-11D3-BF4B-00C04F79EFBC}") = "TrabalhoGrauA", "TrabalhoGrauA.csproj", "{4C8E37BB-67FE-46A5-A6AE-FB7F5E023E04}"
EndProject
Global
	GlobalSection(SolutionConfigurationPlatforms) = preSolution
		Debug|Any CPU = Debug|Any CPU
		Release|Any CPU = Release|Any CPU
	EndGlobalSection
	GlobalSection(ProjectConfigurationPlatforms) = postSolution
		{4C8E37BB-67FE-46A5-A6AE-FB7F5E023E04}.Debug|Any CPU.ActiveCfg = Debug|Any CPU
		{4C8E37BB-67FE-46A5-A6AE-FB7F5E023E04}.Debug|Any CPU.Build.0 = Debug|Any CPU
		{4C8E37BB-67FE-46A5-A6AE-FB7F5E023E04}.Release|Any CPU.ActiveCfg = Release|Any CPU
		{4C8E37BB-67FE-46A5-A6AE-FB7F5E023E04}.Release|Any CPU.Build.0 = Release|Any CPU
	EndGlobalSection
	GlobalSection(SolutionProperties) = preSolution
		HideSolutionNode = FALSE
	EndGlobalSection
	GlobalSection(ExtensibilityGlobals) = postSolution
		SolutionGuid = {44828A2D-54A7-44FC-8F3E-586DA50B2E79}
	EndGlobalSection
EndGlobal
